
Microsoft Visual Studio Solution File, Format Version 12.00
# Visual Studio 15
VisualStudioVersion = 15.0.28010.2016
MinimumVisualStudioVersion = 10.0.40219.1
Project("{E24C65DC-7377-472B-9ABA-BC803B73C61A}") = "WebSite15", "WebSite15\", "{5B687AE1-0E5D-4214-A298-92F23D4657D6}"
	ProjectSection(WebsiteProperties) = preProject
		TargetFrameworkMoniker = ".NETFramework,Version%3Dv4.6.1"
		Debug.AspNetCompiler.VirtualPath = "/localhost_64486"
		Debug.AspNetCompiler.PhysicalPath = "WebSite15\"
		Debug.AspNetCompiler.TargetPath = "PrecompiledWeb\localhost_64486\"
		Debug.AspNetCompiler.Updateable = "true"
		Debug.AspNetCompiler.ForceOverwrite = "true"
		Debug.AspNetCompiler.FixedNames = "false"
		Debug.AspNetCompiler.Debug = "True"
		Release.AspNetCompiler.VirtualPath = "/localhost_64486"
		Release.AspNetCompiler.PhysicalPath = "WebSite15\"
		Release.AspNetCompiler.TargetPath = "PrecompiledWeb\localhost_64486\"
		Release.AspNetCompiler.Updateable = "true"
		Release.AspNetCompiler.ForceOverwrite = "true"
		Release.AspNetCompiler.FixedNames = "false"
		Release.AspNetCompiler.Debug = "False"
		VWDPort = "64486"
		SlnRelativePath = "WebSite15\"
		DefaultWebSiteLanguage = "Visual C#"
	EndProjectSection
EndProject
Global
	GlobalSection(SolutionConfigurationPlatforms) = preSolution
		Debug|Any CPU = Debug|Any CPU
	EndGlobalSection
	GlobalSection(ProjectConfigurationPlatforms) = postSolution
		{5B687AE1-0E5D-4214-A298-92F23D4657D6}.Debug|Any CPU.ActiveCfg = Debug|Any CPU
		{5B687AE1-0E5D-4214-A298-92F23D4657D6}.Debug|Any CPU.Build.0 = Debug|Any CPU
	EndGlobalSection
	GlobalSection(SolutionProperties) = preSolution
		HideSolutionNode = FALSE
	EndGlobalSection
	GlobalSection(ExtensibilityGlobals) = postSolution
		SolutionGuid = {C08A9540-1031-4107-894D-AE13907B9745}
	EndGlobalSection
EndGlobal
